
Microsoft Visual Studio Solution File, Format Version 12.00
# Visual Studio Version 17
VisualStudioVersion = 17.6.33801.468
MinimumVisualStudioVersion = 10.0.40219.1
Project("{FAE04EC0-301F-11D3-BF4B-00C04F79EFBC}") = "HW_9", "HW_9\HW_9.csproj", "{612AD47F-735F-4E47-A8B7-B98E57E12E71}"
EndProject
Global
	GlobalSection(SolutionConfigurationPlatforms) = preSolution
		Debug|Any CPU = Debug|Any CPU
		Release|Any CPU = Release|Any CPU
	EndGlobalSection
	GlobalSection(ProjectConfigurationPlatforms) = postSolution
		{612AD47F-735F-4E47-A8B7-B98E57E12E71}.Debug|Any CPU.ActiveCfg = Debug|Any CPU
		{612AD47F-735F-4E47-A8B7-B98E57E12E71}.Debug|Any CPU.Build.0 = Debug|Any CPU
		{612AD47F-735F-4E47-A8B7-B98E57E12E71}.Release|Any CPU.ActiveCfg = Release|Any CPU
		{612AD47F-735F-4E47-A8B7-B98E57E12E71}.Release|Any CPU.Build.0 = Release|Any CPU
	EndGlobalSection
	GlobalSection(SolutionProperties) = preSolution
		HideSolutionNode = FALSE
	EndGlobalSection
	GlobalSection(ExtensibilityGlobals) = postSolution
		SolutionGuid = {22554ED5-54BC-4592-85AD-77AD8A6D3AD2}
	EndGlobalSection
EndGlobal
